<Solution>
  <Configurations>
    <Platform Name="x64" />
  </Configurations>
  <Folder Name="/scripts/">
    <File Path="scripts/deploy_redist.bat" />
    <File Path="scripts/fetch-third-party-mods.ps1" />
    <File Path="scripts/fetch-windhawk-headers.ps1" />
    <File Path="scripts/publish.bat" />
    <File Path="scripts/publish.ps1" />
  </Folder>
  <Folder Name="/Solution Items/">
    <File Path=".gitattributes" />
    <File Path=".gitignore" />
    <File Path="Directory.Build.props" />
    <File Path="LICENSE" />
    <File Path="README.md" />
    <File Path="vcpkg-configuration.json" />
    <File Path="vcpkg.json" />
  </Folder>
  <Folder Name="/src/" />
  <Folder Name="/src/app/">
    <Project Path="src/app/TaskbarIconOverlay.App.csproj">
      <BuildDependency Project="src/engine/TaskbarIconOverlay.Engine.vcxproj" />
      <BuildDependency Project="src/injector/TaskbarIconOverlay.Injector.vcxproj" />
      <BuildDependency Project="src/mods/taskbar-grouping/TaskbarIconOverlay.Mods.TaskbarGrouping.vcxproj" />
      <BuildDependency Project="src/mods/taskbar-icon-overlay/TaskbarIconOverlay.Mods.TaskbarIconOverlay.vcxproj" />
      <BuildDependency Project="src/shared/logger/TaskbarIconOverlay.Logger.vcxproj" />
      <BuildDependency Project="src/shared/symbols/TaskbarIconOverlay.DiaSymbolResolver.vcxproj" />
      <BuildDependency Project="src/wrapper/TaskbarIconOverlay.WindhawkWrapper.vcxproj" />
      <Platform Project="x64" />
    </Project>
  </Folder>
  <Folder Name="/src/engine/">
    <Project Path="src/engine/TaskbarIconOverlay.Engine.vcxproj" Id="a0f47706-645a-4e64-a271-91f391c0e057">
      <BuildDependency Project="src/mods/taskbar-grouping/TaskbarIconOverlay.Mods.TaskbarGrouping.vcxproj" />
      <BuildDependency Project="src/mods/taskbar-icon-overlay/TaskbarIconOverlay.Mods.TaskbarIconOverlay.vcxproj" />
    </Project>
  </Folder>
  <Folder Name="/src/injector/">
    <Project Path="src/injector/TaskbarIconOverlay.Injector.vcxproj" Id="ab60b71c-8be0-4cbb-835a-02e8e9294895">
      <BuildDependency Project="src/engine/TaskbarIconOverlay.Engine.vcxproj" />
    </Project>
  </Folder>
  <Folder Name="/src/mods/">
    <Project Path="src/mods/shared/TaskbarIconOverlay.Mods.Shared.vcxitems" Id="9de4e9dd-931e-48d7-8b82-5b89627b1b54" />
    <Project Path="src/mods/taskbar-grouping/TaskbarIconOverlay.Mods.TaskbarGrouping.vcxproj" Id="8521689e-d95d-442b-9501-6a359defee4b">
      <BuildDependency Project="src/shared/symbols/TaskbarIconOverlay.DiaSymbolResolver.vcxproj" />
    </Project>
    <Project Path="src/mods/taskbar-icon-overlay/TaskbarIconOverlay.Mods.TaskbarIconOverlay.vcxproj" Id="939fc9f2-905d-4abb-adda-f143eef26e16">
      <BuildDependency Project="src/shared/symbols/TaskbarIconOverlay.DiaSymbolResolver.vcxproj" />
    </Project>
  </Folder>
  <Folder Name="/src/shared/" />
  <Folder Name="/src/shared/logger/">
    <Project Path="src/shared/logger/TaskbarIconOverlay.Logger.vcxproj" Id="3918c1f3-8f4c-4d20-a1bb-2671ebb7139d" />
  </Folder>
  <Folder Name="/src/shared/symbols/">
    <Project Path="src/shared/symbols/TaskbarIconOverlay.DiaSymbolResolver.vcxproj" Id="82a48ae6-9e01-40c9-9333-03e6701dd265" />
  </Folder>
  <Folder Name="/src/wrapper/">
    <Project Path="src/wrapper/TaskbarIconOverlay.WindhawkWrapper.vcxproj" Id="b8944b45-a93a-4437-82e3-593fcb63a141" />
  </Folder>
</Solution>
