<?xml version="1.0" encoding="utf-8"?>
<Project ToolsVersion="4.0" xmlns="http://schemas.microsoft.com/developer/msbuild/2003">
  <ItemGroup>
    <Filter Include="core"><UniqueIdentifier>{1B2A5C49-19E0-4B47-B30C-2A966E1198D0}</UniqueIdentifier></Filter>
    <Filter Include="platform"><UniqueIdentifier>{D8867FB7-BCC4-4C59-9BEB-BDE3AD147557}</UniqueIdentifier></Filter>
    <Filter Include="platform\win11"><UniqueIdentifier>{893286A7-9D83-4A71-9B12-FC5A12A3A5D5}</UniqueIdentifier></Filter>
    <Filter Include="platform\win10"><UniqueIdentifier>{5A69DC37-01ED-469E-BF59-A83D7CBBBD9C}</UniqueIdentifier></Filter>
  </ItemGroup>
  <ItemGroup>
    <ClCompile Include="taskbar-icon-overlay.wh.cpp" />
    <ClCompile Include="dllmain.cpp" />
    <ClCompile Include="mod_api.cpp" />
    <ClCompile Include="core\app_connection.cpp"><Filter>core</Filter></ClCompile>
    <ClCompile Include="core\icon_catalog.cpp"><Filter>core</Filter></ClCompile>
    <ClCompile Include="core\overlay_settings.cpp"><Filter>core</Filter></ClCompile>
    <ClCompile Include="core\overlay_configuration.cpp"><Filter>core</Filter></ClCompile>
    <ClCompile Include="platform\win11\win11_backend.cpp"><Filter>platform\win11</Filter></ClCompile>
    <ClCompile Include="platform\win11\win11_visual_tree.cpp"><Filter>platform\win11</Filter></ClCompile>
    <ClCompile Include="platform\win11\win11_icon_cache.cpp"><Filter>platform\win11</Filter></ClCompile>
    <ClCompile Include="platform\win10\win10_backend.cpp"><Filter>platform\win10</Filter></ClCompile>
    <ClCompile Include="platform\taskbar_backend_selector.cpp"><Filter>platform</Filter></ClCompile>
  </ItemGroup>
  <ItemGroup>
    <ClInclude Include="resource.h" />
    <ClInclude Include="core\app_connection.h"><Filter>core</Filter></ClInclude>
    <ClInclude Include="core\icon_catalog.h"><Filter>core</Filter></ClInclude>
    <ClInclude Include="core\overlay_settings.h"><Filter>core</Filter></ClInclude>
    <ClInclude Include="core\overlay_configuration.h"><Filter>core</Filter></ClInclude>
    <ClInclude Include="core\shared_config.h"><Filter>core</Filter></ClInclude>
    <ClInclude Include="core\taskbar_backend.h"><Filter>core</Filter></ClInclude>
    <ClInclude Include="platform\win11\win11_backend.h"><Filter>platform\win11</Filter></ClInclude>
    <ClInclude Include="platform\win11\win11_visual_tree.h"><Filter>platform\win11</Filter></ClInclude>
    <ClInclude Include="platform\win11\win11_icon_cache.h"><Filter>platform\win11</Filter></ClInclude>
    <ClInclude Include="platform\win10\win10_backend.h"><Filter>platform\win10</Filter></ClInclude>
    <ClInclude Include="platform\taskbar_backend_selector.h"><Filter>platform</Filter></ClInclude>
  </ItemGroup>
  <ItemGroup>
    <ResourceCompile Include="TaskbarIconOverlay.Mods.TaskbarIconOverlay.rc" />
  </ItemGroup>
</Project>
